
Microsoft Visual Studio Solution File, Format Version 12.00
# Visual Studio 15
VisualStudioVersion = 15.0.26228.9
MinimumVisualStudioVersion = 10.0.40219.1
Project("{FAE04EC0-301F-11D3-BF4B-00C04F79EFBC}") = "MamalianLib", "MamalianLib\MamalianLib.csproj", "{A0B3FF81-C3B0-461E-A10D-DCE4D4319A71}"
EndProject
Project("{FAE04EC0-301F-11D3-BF4B-00C04F79EFBC}") = "Tester", "Tester\Tester.csproj", "{09A59A9B-7BCF-461E-8F58-B42BB81CFF92}"
EndProject
Project("{FAE04EC0-301F-11D3-BF4B-00C04F79EFBC}") = "MamalianDAL", "MamalianDAL\MamalianDAL.csproj", "{ED4A9AA7-142B-472B-B36C-694E35D75C7E}"
EndProject
Project("{FAE04EC0-301F-11D3-BF4B-00C04F79EFBC}") = "IntegrationUnitTests", "IntegrationUnitTests\IntegrationUnitTests.csproj", "{BAE965CB-847C-4A5D-8D61-3432D4377EA3}"
EndProject
Global
	GlobalSection(SolutionConfigurationPlatforms) = preSolution
		Debug|Any CPU = Debug|Any CPU
		Release|Any CPU = Release|Any CPU
	EndGlobalSection
	GlobalSection(ProjectConfigurationPlatforms) = postSolution
		{A0B3FF81-C3B0-461E-A10D-DCE4D4319A71}.Debug|Any CPU.ActiveCfg = Debug|Any CPU
		{A0B3FF81-C3B0-461E-A10D-DCE4D4319A71}.Debug|Any CPU.Build.0 = Debug|Any CPU
		{A0B3FF81-C3B0-461E-A10D-DCE4D4319A71}.Release|Any CPU.ActiveCfg = Release|Any CPU
		{A0B3FF81-C3B0-461E-A10D-DCE4D4319A71}.Release|Any CPU.Build.0 = Release|Any CPU
		{09A59A9B-7BCF-461E-8F58-B42BB81CFF92}.Debug|Any CPU.ActiveCfg = Debug|Any CPU
		{09A59A9B-7BCF-461E-8F58-B42BB81CFF92}.Debug|Any CPU.Build.0 = Debug|Any CPU
		{09A59A9B-7BCF-461E-8F58-B42BB81CFF92}.Release|Any CPU.ActiveCfg = Release|Any CPU
		{09A59A9B-7BCF-461E-8F58-B42BB81CFF92}.Release|Any CPU.Build.0 = Release|Any CPU
		{ED4A9AA7-142B-472B-B36C-694E35D75C7E}.Debug|Any CPU.ActiveCfg = Debug|Any CPU
		{ED4A9AA7-142B-472B-B36C-694E35D75C7E}.Debug|Any CPU.Build.0 = Debug|Any CPU
		{ED4A9AA7-142B-472B-B36C-694E35D75C7E}.Release|Any CPU.ActiveCfg = Release|Any CPU
		{ED4A9AA7-142B-472B-B36C-694E35D75C7E}.Release|Any CPU.Build.0 = Release|Any CPU
		{BAE965CB-847C-4A5D-8D61-3432D4377EA3}.Debug|Any CPU.ActiveCfg = Debug|Any CPU
		{BAE965CB-847C-4A5D-8D61-3432D4377EA3}.Debug|Any CPU.Build.0 = Debug|Any CPU
		{BAE965CB-847C-4A5D-8D61-3432D4377EA3}.Release|Any CPU.ActiveCfg = Release|Any CPU
		{BAE965CB-847C-4A5D-8D61-3432D4377EA3}.Release|Any CPU.Build.0 = Release|Any CPU
	EndGlobalSection
	GlobalSection(SolutionProperties) = preSolution
		HideSolutionNode = FALSE
	EndGlobalSection
EndGlobal
